# This file is automatically @generated by Poetry 1.5.1 and should not be changed by hand.

[[package]]
name = "attrs"
version = "23.1.0"
description = "Classes Without Boilerplate"
optional = false
python-versions = ">=3.7"
files = [
    {file = "attrs-23.1.0-py3-none-any.whl", hash = "sha256:1f28b4522cdc2fb4256ac1a020c78acf9cba2c6b461ccd2c126f3aa8e8335d04"},
    {file = "attrs-23.1.0.tar.gz", hash = "sha256:6279836d581513a26f1bf235f9acd333bc9115683f14f7e8fae46c98fc50e015"},
]

[package.dependencies]
importlib-metadata = {version = "*", markers = "python_version < \"3.8\""}

[package.extras]
cov = ["attrs[tests]", "coverage[toml] (>=5.3)"]
dev = ["attrs[docs,tests]", "pre-commit"]
docs = ["furo", "myst-parser", "sphinx", "sphinx-notfound-page", "sphinxcontrib-towncrier", "towncrier", "zope-interface"]
tests = ["attrs[tests-no-zope]", "zope-interface"]
tests-no-zope = ["cloudpickle", "hypothesis", "mypy (>=1.1.1)", "pympler", "pytest (>=4.3.0)", "pytest-mypy-plugins", "pytest-xdist[psutil]"]

[[package]]
name = "cattrs"
version = "23.1.2"
description = "Composable complex class support for attrs and dataclasses."
optional = false
python-versions = ">=3.7"
files = [
    {file = "cattrs-23.1.2-py3-none-any.whl", hash = "sha256:b2bb14311ac17bed0d58785e5a60f022e5431aca3932e3fc5cc8ed8639de50a4"},
    {file = "cattrs-23.1.2.tar.gz", hash = "sha256:db1c821b8c537382b2c7c66678c3790091ca0275ac486c76f3c8f3920e83c657"},
]

[package.dependencies]
attrs = ">=20"
exceptiongroup = {version = "*", markers = "python_version < \"3.11\""}
typing_extensions = {version = ">=4.1.0", markers = "python_version < \"3.11\""}

[package.extras]
bson = ["pymongo (>=4.2.0,<5.0.0)"]
cbor2 = ["cbor2 (>=5.4.6,<6.0.0)"]
msgpack = ["msgpack (>=1.0.2,<2.0.0)"]
orjson = ["orjson (>=3.5.2,<4.0.0)"]
pyyaml = ["PyYAML (>=6.0,<7.0)"]
tomlkit = ["tomlkit (>=0.11.4,<0.12.0)"]
ujson = ["ujson (>=5.4.0,<6.0.0)"]

[[package]]
name = "click"
version = "8.1.6"
description = "Composable command line interface toolkit"
optional = false
python-versions = ">=3.7"
files = [
    {file = "click-8.1.6-py3-none-any.whl", hash = "sha256:fa244bb30b3b5ee2cae3da8f55c9e5e0c0e86093306301fb418eb9dc40fbded5"},
    {file = "click-8.1.6.tar.gz", hash = "sha256:48ee849951919527a045bfe3bf7baa8a959c423134e1a5b98c05c20ba75a1cbd"},
]

[package.dependencies]
colorama = {version = "*", markers = "platform_system == \"Windows\""}
importlib-metadata = {version = "*", markers = "python_version < \"3.8\""}

[[package]]
name = "colorama"
version = "0.4.6"
description = "Cross-platform colored terminal text."
optional = false
python-versions = "!=3.0.*,!=3.1.*,!=3.2.*,!=3.3.*,!=3.4.*,!=3.5.*,!=3.6.*,>=2.7"
files = [
    {file = "colorama-0.4.6-py2.py3-none-any.whl", hash = "sha256:4f1d9991f5acc0ca119f9d443620b77f9d6b33703e51011c16baf57afb285fc6"},
    {file = "colorama-0.4.6.tar.gz", hash = "sha256:08695f5cb7ed6e0531a20572697297273c47b8cae5a63ffc6d6ed5c201be6e44"},
]

[[package]]
name = "exceptiongroup"
version = "1.1.2"
description = "Backport of PEP 654 (exception groups)"
optional = false
python-versions = ">=3.7"
files = [
    {file = "exceptiongroup-1.1.2-py3-none-any.whl", hash = "sha256:e346e69d186172ca7cf029c8c1d16235aa0e04035e5750b4b95039e65204328f"},
    {file = "exceptiongroup-1.1.2.tar.gz", hash = "sha256:12c3e887d6485d16943a309616de20ae5582633e0a2eda17f4e10fd61c1e8af5"},
]

[package.extras]
test = ["pytest (>=6)"]

[[package]]
name = "igraph"
version = "0.10.6"
description = "High performance graph data structures and algorithms"
optional = false
python-versions = ">=3.7"
files = [
    {file = "igraph-0.10.6-cp37-cp37m-macosx_10_9_x86_64.whl", hash = "sha256:eca5d01773a8b48bb585fb972c8afcf0cbfb791627a6706ccf56c0685b8ccca7"},
    {file = "igraph-0.10.6-cp37-cp37m-manylinux_2_17_aarch64.manylinux2014_aarch64.whl", hash = "sha256:ca05a065108d126771d4867c1e6867fdc340f86f9634978de1326aa2de782138"},
    {file = "igraph-0.10.6-cp37-cp37m-manylinux_2_17_i686.manylinux2014_i686.whl", hash = "sha256:81c4809ae45406cb81f985b643d8c9516c0394fa5f0aabe9a617f6506501c97e"},
    {file = "igraph-0.10.6-cp37-cp37m-manylinux_2_17_x86_64.manylinux2014_x86_64.whl", hash = "sha256:7edef14bed493d104213e95a21252f6ac9374fb1383966244c9fb3c615927317"},
    {file = "igraph-0.10.6-cp37-cp37m-musllinux_1_1_aarch64.whl", hash = "sha256:96cdb8fdd9be3e4bd741b71436286f011f39bf7477cf7406d0d5ad9afa55f812"},
    {file = "igraph-0.10.6-cp37-cp37m-musllinux_1_1_i686.whl", hash = "sha256:62a39bcebfe863c607642e110c4846de9631caa4ce1c6e2e11fae9b1d66904dd"},
    {file = "igraph-0.10.6-cp37-cp37m-musllinux_1_1_x86_64.whl", hash = "sha256:c21f39fd40f7a0534442cb52e7dc07ee59aad4e52238a3b1c5fcb76f880d9648"},
    {file = "igraph-0.10.6-cp37-cp37m-win32.whl", hash = "sha256:1deb496ccf6a71d07f4952e05b6aea3dd10e18abae9aadcbfd88f640cc804fa1"},
    {file = "igraph-0.10.6-cp37-cp37m-win_amd64.whl", hash = "sha256:527319db746f22adefba3ccbe1e7fba485edd14339af7c953e34e329f04d423f"},
    {file = "igraph-0.10.6-cp38-cp38-macosx_10_9_x86_64.whl", hash = "sha256:0a753a48f96c48d01944221f189b989a03151f6e0e37862675248612e45ddd18"},
    {file = "igraph-0.10.6-cp38-cp38-macosx_11_0_arm64.whl", hash = "sha256:c08023eb9a3df384e5d8285ec8a60d0e5c1738c6d139a0b51ac5da024538d466"},
    {file = "igraph-0.10.6-cp38-cp38-manylinux_2_17_aarch64.manylinux2014_aarch64.whl", hash = "sha256:7e737d4946e30bf561272a394d3c35181d453ab605a9650812200510b92b58b8"},
    {file = "igraph-0.10.6-cp38-cp38-manylinux_2_17_i686.manylinux2014_i686.whl", hash = "sha256:82bacc57b40e6f2f1e7550073a283af38ed1ca9654f68796376eea1413988768"},
    {file = "igraph-0.10.6-cp38-cp38-manylinux_2_17_x86_64.manylinux2014_x86_64.whl", hash = "sha256:53c0d0000f57c920549626b48e4b81685c268795df3657251763e50b83e8dac5"},
    {file = "igraph-0.10.6-cp38-cp38-musllinux_1_1_aarch64.whl", hash = "sha256:1a3dcf7b23e05dc7b1cf258bd82a52ed9a71e36ccc091480475bfe210ab60a17"},
    {file = "igraph-0.10.6-cp38-cp38-musllinux_1_1_i686.whl", hash = "sha256:da6009f347bdf14191bb65352a9eb5b1e2ba9014d928306b60b460dc549d21c8"},
    {file = "igraph-0.10.6-cp38-cp38-musllinux_1_1_x86_64.whl", hash = "sha256:d1a935f7cb7a7490eef225bb5072ba3208cddf4a26aab9395f21a5a6082ed48f"},
    {file = "igraph-0.10.6-cp38-cp38-win32.whl", hash = "sha256:3e93a2d6ac310d8f6b258aa659f1e2c36ed6a5c2982f79425e33a0d370df95c6"},
    {file = "igraph-0.10.6-cp38-cp38-win_amd64.whl", hash = "sha256:2913d91d9aeae107295fe238e1fe73d1150fca51b4e863c0442904dfb36f0d5a"},
    {file = "igraph-0.10.6-cp39-abi3-macosx_10_9_x86_64.whl", hash = "sha256:eb97640e9e71913015e7073341a5f6b4017fe025222950873c507d4ee97670f9"},
    {file = "igraph-0.10.6-cp39-abi3-macosx_11_0_arm64.whl", hash = "sha256:409f377ea828d73bdf8da1e8372492db570efea765508eb091ec827492604ab7"},
    {file = "igraph-0.10.6-cp39-abi3-manylinux_2_17_aarch64.manylinux2014_aarch64.whl", hash = "sha256:a4d88c6b392e70d1e8b9fb7747b545c9837b0232105ace379e63a6b08d987f23"},
    {file = "igraph-0.10.6-cp39-abi3-manylinux_2_17_i686.manylinux2014_i686.whl", hash = "sha256:053cdff880e46dca5a754777a5b2d68e904e82e831c6eb8ba7fdaed8d004a888"},
    {file = "igraph-0.10.6-cp39-abi3-manylinux_2_17_x86_64.manylinux2014_x86_64.whl", hash = "sha256:868b558ca3d3363e0864246c20a9e937f849125103bd5e1e45e5f233121c1632"},
    {file = "igraph-0.10.6-cp39-abi3-musllinux_1_1_aarch64.whl", hash = "sha256:ad8a9245d1d27f50003c387105a52a9794b070fcc448f23fd58f7288126500ea"},
    {file = "igraph-0.10.6-cp39-abi3-musllinux_1_1_i686.whl", hash = "sha256:6142060215c7bc5007f65ceffaa2ae1d84d0ef45bd9cbe8bc0670380200beb0f"},
    {file = "igraph-0.10.6-cp39-abi3-musllinux_1_1_x86_64.whl", hash = "sha256:434f71859d39bfe7285c1ff02486492cf0d9236e50d2b0efd3f3fb316f106ebe"},
    {file = "igraph-0.10.6-cp39-abi3-win32.whl", hash = "sha256:f375b5e9faea3381c9bb878195cbfc83444a13fb357f8e6c5767d2d9e3745e26"},
    {file = "igraph-0.10.6-cp39-abi3-win_amd64.whl", hash = "sha256:69d21b26599c86c6b937138280b13306f9b4e380498cc13896c603985c5ee80a"},
    {file = "igraph-0.10.6-pp310-pypy310_pp73-macosx_10_9_x86_64.whl", hash = "sha256:06ca4879236cbb52dd33ddb8e5d562b387f91607fe2bc5f277054778560448c2"},
    {file = "igraph-0.10.6-pp310-pypy310_pp73-manylinux_2_17_aarch64.manylinux2014_aarch64.whl", hash = "sha256:95b1b02a3d0c321339f2ed7283f37a22591c3b6a084393748369d5815aafe0a9"},
    {file = "igraph-0.10.6-pp310-pypy310_pp73-manylinux_2_17_i686.manylinux2014_i686.whl", hash = "sha256:a1cc73149e5ae448054c04050e5cfcdd9d886f72883ec9ca11185e16f62df2b1"},
    {file = "igraph-0.10.6-pp310-pypy310_pp73-manylinux_2_17_x86_64.manylinux2014_x86_64.whl", hash = "sha256:521e9a1ab869d65cdc7713f2649794e8076c2d6b210dcad37ac6bcaffaf858de"},
    {file = "igraph-0.10.6-pp310-pypy310_pp73-win_amd64.whl", hash = "sha256:547f5e815063e68acd1efedf31ccb3f204a7d6e80fdddd96cb18b11610744912"},
    {file = "igraph-0.10.6-pp37-pypy37_pp73-macosx_10_9_x86_64.whl", hash = "sha256:4f1a33d7bf8ebaaa0f6401db437e23c3fe90b13c042897fa6123e0cf63605149"},
    {file = "igraph-0.10.6-pp37-pypy37_pp73-manylinux_2_17_aarch64.manylinux2014_aarch64.whl", hash = "sha256:e1d3a0882224dafadb259a0e660650779a7714f3d931a03127af43ef05a4d6e2"},
    {file = "igraph-0.10.6-pp37-pypy37_pp73-manylinux_2_17_i686.manylinux2014_i686.whl", hash = "sha256:169d7f1f8f1a39d1fa965dba0cab69b0d03de4b5e3272b196c60c3104a7e2735"},
    {file = "igraph-0.10.6-pp37-pypy37_pp73-manylinux_2_17_x86_64.manylinux2014_x86_64.whl", hash = "sha256:71a03c57550066a5cbf6fc6621d470fbf4abcf33ecb975a21e13e09cf45b965b"},
    {file = "igraph-0.10.6-pp37-pypy37_pp73-win_amd64.whl", hash = "sha256:b3e038f78324e138869358bf17f9e57bcd665f7ddf6ed4b5f83fcbfc782f5059"},
    {file = "igraph-0.10.6-pp38-pypy38_pp73-macosx_10_9_x86_64.whl", hash = "sha256:936c681b3d6c507f3d1008c37d7ce6ef570d0ad932a94af1d512609da72a8ec1"},
    {file = "igraph-0.10.6-pp38-pypy38_pp73-manylinux_2_17_aarch64.manylinux2014_aarch64.whl", hash = "sha256:47637170741eb48550a18dc1072d354476866a3d6bc30b260a23acc04d15168f"},
    {file = "igraph-0.10.6-pp38-pypy38_pp73-manylinux_2_17_i686.manylinux2014_i686.whl", hash = "sha256:3bb368af87b5ea1877baf0cc337e6d83bb688f1f81c9f75973da92c30a4106c3"},
    {file = "igraph-0.10.6-pp38-pypy38_pp73-manylinux_2_17_x86_64.manylinux2014_x86_64.whl", hash = "sha256:b40da28b2ed1b35d24794996ff38ed3292ddaeea8cbeb48da146df0bf32021ae"},
    {file = "igraph-0.10.6-pp38-pypy38_pp73-win_amd64.whl", hash = "sha256:81fbd93bbe81127aa98247a777a4eb2902443079254696d5aaa0a146cff88663"},
    {file = "igraph-0.10.6-pp39-pypy39_pp73-macosx_10_9_x86_64.whl", hash = "sha256:3296e013c695488c313daa218aa5861dcd3623f298935f2f6f48b2bf1e65e5d0"},
    {file = "igraph-0.10.6-pp39-pypy39_pp73-manylinux_2_17_aarch64.manylinux2014_aarch64.whl", hash = "sha256:4c743703ff6a9907deddf3f15ddb7a4e0d525a0055e5cf29ac2143b865fdf6c2"},
    {file = "igraph-0.10.6-pp39-pypy39_pp73-manylinux_2_17_i686.manylinux2014_i686.whl", hash = "sha256:ddbbdaab269700d35969feaab73b9cbf7c55daa7711aaa01e0f9c598c9b8fbe1"},
    {file = "igraph-0.10.6-pp39-pypy39_pp73-manylinux_2_17_x86_64.manylinux2014_x86_64.whl", hash = "sha256:26ae1fe7e4e55a851cdffcd302d9ad530303e47676424ee422dbede7450f948f"},
    {file = "igraph-0.10.6-pp39-pypy39_pp73-win_amd64.whl", hash = "sha256:1a21dae12de610474b5b64f92822f3da4af2cedd60413b56aa55cc165dc0c763"},
    {file = "igraph-0.10.6.tar.gz", hash = "sha256:76f7aad294514412f835366a7d9a9c1e7a34c3e6ef0a6c3a1a835234323228e8"},
]

[package.dependencies]
texttable = ">=1.6.2"

[package.extras]
cairo = ["cairocffi (>=1.2.0)"]
doc = ["Sphinx (>=4.2.0)", "sphinxbootstrap4theme (>=0.6.0)"]
matplotlib = ["matplotlib (>=3.5.0,<3.6.0)"]
plotly = ["plotly (>=5.3.0)"]
plotting = ["cairocffi (>=1.2.0)"]
test = ["Pillow (>=9)", "cairocffi (>=1.2.0)", "matplotlib (>=3.6.0)", "networkx (>=2.5)", "numpy (>=1.19.0)", "pandas (>=1.1.0)", "plotly (>=5.3.0)", "pytest (>=7.0.1)", "pytest-timeout (>=2.1.0)", "scipy (>=1.5.0)"]
test-musl = ["cairocffi (>=1.2.0)", "networkx (>=2.5)", "pytest (>=7.0.1)", "pytest-timeout (>=2.1.0)"]

[[package]]
name = "importlib-metadata"
version = "6.7.0"
description = "Read metadata from Python packages"
optional = false
python-versions = ">=3.7"
files = [
    {file = "importlib_metadata-6.7.0-py3-none-any.whl", hash = "sha256:cb52082e659e97afc5dac71e79de97d8681de3aa07ff18578330904a9d18e5b5"},
    {file = "importlib_metadata-6.7.0.tar.gz", hash = "sha256:1aaf550d4f73e5d6783e7acb77aec43d49da8017410afae93822cc9cca98c4d4"},
]

[package.dependencies]
typing-extensions = {version = ">=3.6.4", markers = "python_version < \"3.8\""}
zipp = ">=0.5"

[package.extras]
docs = ["furo", "jaraco.packaging (>=9)", "jaraco.tidelift (>=1.4)", "rst.linker (>=1.9)", "sphinx (>=3.5)", "sphinx-lint"]
perf = ["ipython"]
testing = ["flufl.flake8", "importlib-resources (>=1.3)", "packaging", "pyfakefs", "pytest (>=6)", "pytest-black (>=0.3.7)", "pytest-checkdocs (>=2.4)", "pytest-cov", "pytest-enabler (>=1.3)", "pytest-mypy (>=0.9.1)", "pytest-perf (>=0.9.2)", "pytest-ruff"]

[[package]]
name = "importlib-resources"
version = "5.12.0"
description = "Read resources from Python packages"
optional = false
python-versions = ">=3.7"
files = [
    {file = "importlib_resources-5.12.0-py3-none-any.whl", hash = "sha256:7b1deeebbf351c7578e09bf2f63fa2ce8b5ffec296e0d349139d43cca061a81a"},
    {file = "importlib_resources-5.12.0.tar.gz", hash = "sha256:4be82589bf5c1d7999aedf2a45159d10cb3ca4f19b2271f8792bc8e6da7b22f6"},
]

[package.dependencies]
zipp = {version = ">=3.1.0", markers = "python_version < \"3.10\""}

[package.extras]
docs = ["furo", "jaraco.packaging (>=9)", "jaraco.tidelift (>=1.4)", "rst.linker (>=1.9)", "sphinx (>=3.5)", "sphinx-lint"]
testing = ["flake8 (<5)", "pytest (>=6)", "pytest-black (>=0.3.7)", "pytest-checkdocs (>=2.4)", "pytest-cov", "pytest-enabler (>=1.3)", "pytest-flake8", "pytest-mypy (>=0.9.1)"]

[[package]]
name = "jsii"
version = "1.86.1"
description = "Python client for jsii runtime"
optional = false
python-versions = "~=3.7"
files = [
    {file = "jsii-1.86.1-py3-none-any.whl", hash = "sha256:32eb46ed4c9a35bc92b892ef049ed1996f13be38ffef964d607e8fe930471b3e"},
    {file = "jsii-1.86.1.tar.gz", hash = "sha256:44f9a820eea92c9508693f72d3129b5a080421c949c32303f4f7b2cc98a81f59"},
]

[package.dependencies]
attrs = ">=21.2,<24.0"
cattrs = ">=1.8,<23.2"
importlib-resources = ">=5.2.0"
publication = ">=0.0.3"
python-dateutil = "*"
typeguard = ">=2.13.3,<2.14.0"
typing-extensions = ">=3.7,<5.0"

[[package]]
name = "n2g"
version = "0.3.3"
description = "Need To Graph"
optional = false
python-versions = ">=3.7,<4.0"
files = [
    {file = "N2G-0.3.3-py3-none-any.whl", hash = "sha256:20e942c4d0de4412d03fd75e87189304e7c15fc87ab172fb01209eb19b782554"},
    {file = "N2G-0.3.3.tar.gz", hash = "sha256:e19d955291c6baf5bd917c0def1ea1f1b2b9aab00131134fd0cb86d0e227f573"},
]

[package.extras]
full = ["flask (==2.2.2)", "openpyxl (>=3.1.0,<3.2.0)", "python-igraph (>=0.10.0,<0.11.0)", "ttp (>=0.9.0,<0.10.0)", "ttp_templates (>=0.3.0,<0.4.0)"]

[[package]]
name = "projen"
version = "0.71.163"
description = "CDK for software projects"
optional = false
python-versions = "~=3.7"
files = [
    {file = "projen-0.71.163-py3-none-any.whl", hash = "sha256:a52aaba49c1a9957e1cb9973b6ec58a90fdd1a5dd7d61107e4a2f9581f473ca3"},
    {file = "projen-0.71.163.tar.gz", hash = "sha256:e7e120c0884e81f620f17a0a5f8776cbbf63a0eca8066403efe4d51d5bcc72b6"},
]

[package.dependencies]
jsii = ">=1.86.0,<2.0.0"
publication = ">=0.0.3"
typeguard = ">=2.13.3,<2.14.0"

[[package]]
name = "publication"
version = "0.0.3"
description = "Publication helps you maintain public-api-friendly modules by preventing unintentional access to private implementation details via introspection."
optional = false
python-versions = "*"
files = [
    {file = "publication-0.0.3-py2.py3-none-any.whl", hash = "sha256:0248885351febc11d8a1098d5c8e3ab2dabcf3e8c0c96db1e17ecd12b53afbe6"},
    {file = "publication-0.0.3.tar.gz", hash = "sha256:68416a0de76dddcdd2930d1c8ef853a743cc96c82416c4e4d3b5d901c6276dc4"},
]

[[package]]
name = "python-dateutil"
version = "2.8.2"
description = "Extensions to the standard Python datetime module"
optional = false
python-versions = "!=3.0.*,!=3.1.*,!=3.2.*,>=2.7"
files = [
    {file = "python-dateutil-2.8.2.tar.gz", hash = "sha256:0123cacc1627ae19ddf3c27a5de5bd67ee4586fbdd6440d9748f8abb483d3e86"},
    {file = "python_dateutil-2.8.2-py2.py3-none-any.whl", hash = "sha256:961d03dc3453ebbc59dbdea9e4e11c5651520a876d0f4db161e8674aae935da9"},
]

[package.dependencies]
six = ">=1.5"

[[package]]
name = "python-igraph"
version = "0.10.6"
description = "High performance graph data structures and algorithms (legacy package)"
optional = false
python-versions = ">=3.6"
files = [
    {file = "python-igraph-0.10.6.tar.gz", hash = "sha256:93de10228cf774ac1b622e8b5ef01a0dab04791446d950a7629ca1542b1a62af"},
    {file = "python_igraph-0.10.6-py3-none-any.whl", hash = "sha256:5de854f9b9bf6956524bfc85a0e80b7961530a4dea5ff9cfae2811f8022c6d4f"},
]

[package.dependencies]
igraph = "0.10.6"

[package.extras]
cairo = ["cairocffi (>=1.2.0)"]
matplotlib = ["matplotlib (>=3.3.0)"]
plotly = ["plotly (>=5.3.0)"]
plotting = ["cairocffi (>=1.2.0)"]

[[package]]
name = "six"
version = "1.16.0"
description = "Python 2 and 3 compatibility utilities"
optional = false
python-versions = ">=2.7, !=3.0.*, !=3.1.*, !=3.2.*"
files = [
    {file = "six-1.16.0-py2.py3-none-any.whl", hash = "sha256:8abb2f1d86890a2dfb989f9a77cfcfd3e47c2a354b01111771326f8aa26e0254"},
    {file = "six-1.16.0.tar.gz", hash = "sha256:1e61c37477a1626458e36f7b1d82aa5c9b094fa4802892072e49de9c60c4c926"},
]

[[package]]
name = "texttable"
version = "1.6.7"
description = "module to create simple ASCII tables"
optional = false
python-versions = "*"
files = [
    {file = "texttable-1.6.7-py2.py3-none-any.whl", hash = "sha256:b7b68139aa8a6339d2c320ca8b1dc42d13a7831a346b446cb9eb385f0c76310c"},
    {file = "texttable-1.6.7.tar.gz", hash = "sha256:290348fb67f7746931bcdfd55ac7584ecd4e5b0846ab164333f0794b121760f2"},
]

[[package]]
name = "typeguard"
version = "2.13.3"
description = "Run-time type checker for Python"
optional = false
python-versions = ">=3.5.3"
files = [
    {file = "typeguard-2.13.3-py3-none-any.whl", hash = "sha256:5e3e3be01e887e7eafae5af63d1f36c849aaa94e3a0112097312aabfa16284f1"},
    {file = "typeguard-2.13.3.tar.gz", hash = "sha256:00edaa8da3a133674796cf5ea87d9f4b4c367d77476e185e80251cc13dfbb8c4"},
]

[package.extras]
doc = ["sphinx-autodoc-typehints (>=1.2.0)", "sphinx-rtd-theme"]
test = ["mypy", "pytest", "typing-extensions"]

[[package]]
name = "typer"
version = "0.9.0"
description = "Typer, build great CLIs. Easy to code. Based on Python type hints."
optional = false
python-versions = ">=3.6"
files = [
    {file = "typer-0.9.0-py3-none-any.whl", hash = "sha256:5d96d986a21493606a358cae4461bd8cdf83cbf33a5aa950ae629ca3b51467ee"},
    {file = "typer-0.9.0.tar.gz", hash = "sha256:50922fd79aea2f4751a8e0408ff10d2662bd0c8bbfa84755a699f3bada2978b2"},
]

[package.dependencies]
click = ">=7.1.1,<9.0.0"
typing-extensions = ">=3.7.4.3"

[package.extras]
all = ["colorama (>=0.4.3,<0.5.0)", "rich (>=10.11.0,<14.0.0)", "shellingham (>=1.3.0,<2.0.0)"]
dev = ["autoflake (>=1.3.1,<2.0.0)", "flake8 (>=3.8.3,<4.0.0)", "pre-commit (>=2.17.0,<3.0.0)"]
doc = ["cairosvg (>=2.5.2,<3.0.0)", "mdx-include (>=1.4.1,<2.0.0)", "mkdocs (>=1.1.2,<2.0.0)", "mkdocs-material (>=8.1.4,<9.0.0)", "pillow (>=9.3.0,<10.0.0)"]
test = ["black (>=22.3.0,<23.0.0)", "coverage (>=6.2,<7.0)", "isort (>=5.0.6,<6.0.0)", "mypy (==0.910)", "pytest (>=4.4.0,<8.0.0)", "pytest-cov (>=2.10.0,<5.0.0)", "pytest-sugar (>=0.9.4,<0.10.0)", "pytest-xdist (>=1.32.0,<4.0.0)", "rich (>=10.11.0,<14.0.0)", "shellingham (>=1.3.0,<2.0.0)"]

[[package]]
name = "typing-extensions"
version = "4.7.1"
description = "Backported and Experimental Type Hints for Python 3.7+"
optional = false
python-versions = ">=3.7"
files = [
    {file = "typing_extensions-4.7.1-py3-none-any.whl", hash = "sha256:440d5dd3af93b060174bf433bccd69b0babc3b15b1a8dca43789fd7f61514b36"},
    {file = "typing_extensions-4.7.1.tar.gz", hash = "sha256:b75ddc264f0ba5615db7ba217daeb99701ad295353c45f9e95963337ceeeffb2"},
]

[[package]]
name = "zipp"
version = "3.15.0"
description = "Backport of pathlib-compatible object wrapper for zip files"
optional = false
python-versions = ">=3.7"
files = [
    {file = "zipp-3.15.0-py3-none-any.whl", hash = "sha256:48904fc76a60e542af151aded95726c1a5c34ed43ab4134b597665c86d7ad556"},
    {file = "zipp-3.15.0.tar.gz", hash = "sha256:112929ad649da941c23de50f356a2b5570c954b65150642bccdd66bf194d224b"},
]

[package.extras]
docs = ["furo", "jaraco.packaging (>=9)", "jaraco.tidelift (>=1.4)", "rst.linker (>=1.9)", "sphinx (>=3.5)", "sphinx-lint"]
testing = ["big-O", "flake8 (<5)", "jaraco.functools", "jaraco.itertools", "more-itertools", "pytest (>=6)", "pytest-black (>=0.3.7)", "pytest-checkdocs (>=2.4)", "pytest-cov", "pytest-enabler (>=1.3)", "pytest-flake8", "pytest-mypy (>=0.9.1)"]

[metadata]
lock-version = "2.0"
python-versions = "^3.7"
content-hash = "5f97c2b7fe21bfe733ee710f927980827b90c2eede38269a0fd1cfad24eca668"
